// !$*UTF8*$!
{
	archiveVersion = 1;
	classes = {
	};
	objectVersion = 50;
	objects = {

/* Begin PBXBuildFile section */
		C13C355921797DB100472F49 /* AppDelegate.swift in Sources */ = {isa = PBXBuildFile; fileRef = C13C355821797DB100472F49 /* AppDelegate.swift */; };
		C13C355B21797DB100472F49 /* ViewController.swift in Sources */ = {isa = PBXBuildFile; fileRef = C13C355A21797DB100472F49 /* ViewController.swift */; };
		C13C355E21797DB100472F49 /* Main.storyboard in Resources */ = {isa = PBXBuildFile; fileRef = C13C355C21797DB100472F49 /* Main.storyboard */; };
		C13C356021797DB400472F49 /* Assets.xcassets in Resources */ = {isa = PBXBuildFile; fileRef = C13C355F21797DB400472F49 /* Assets.xcassets */; };
		C13C356321797DB400472F49 /* LaunchScreen.storyboard in Resources */ = {isa = PBXBuildFile; fileRef = C13C356121797DB400472F49 /* LaunchScreen.storyboard */; };
		C13C356B21797DD200472F49 /* NetworkHelper.swift in Sources */ = {isa = PBXBuildFile; fileRef = C13C356A21797DD200472F49 /* NetworkHelper.swift */; };
		C13C356D217983F800472F49 /* ToDoModel.swift in Sources */ = {isa = PBXBuildFile; fileRef = C13C356C217983F800472F49 /* ToDoModel.swift */; };
		C13C358D2179AE7A00472F49 /* APIHelper.swift in Sources */ = {isa = PBXBuildFile; fileRef = C13C358C2179AE7A00472F49 /* APIHelper.swift */; };
/* End PBXBuildFile section */

/* Begin PBXFileReference section */
		C13C355521797DB000472F49 /* NewtworkDemo.app */ = {isa = PBXFileReference; explicitFileType = wrapper.application; includeInIndex = 0; path = NewtworkDemo.app; sourceTree = BUILT_PRODUCTS_DIR; };
		C13C355821797DB100472F49 /* AppDelegate.swift */ = {isa = PBXFileReference; lastKnownFileType = sourcecode.swift; path = AppDelegate.swift; sourceTree = "<group>"; };
		C13C355A21797DB100472F49 /* ViewController.swift */ = {isa = PBXFileReference; lastKnownFileType = sourcecode.swift; path = ViewController.swift; sourceTree = "<group>"; };
		C13C355D21797DB100472F49 /* Base */ = {isa = PBXFileReference; lastKnownFileType = file.storyboard; name = Base; path = Base.lproj/Main.storyboard; sourceTree = "<group>"; };
		C13C355F21797DB400472F49 /* Assets.xcassets */ = {isa = PBXFileReference; lastKnownFileType = folder.assetcatalog; path = Assets.xcassets; sourceTree = "<group>"; };
		C13C356221797DB400472F49 /* Base */ = {isa = PBXFileReference; lastKnownFileType = file.storyboard; name = Base; path = Base.lproj/LaunchScreen.storyboard; sourceTree = "<group>"; };
		C13C356421797DB400472F49 /* Info.plist */ = {isa = PBXFileReference; lastKnownFileType = text.plist.xml; path = Info.plist; sourceTree = "<group>"; };
		C13C356A21797DD200472F49 /* NetworkHelper.swift */ = {isa = PBXFileReference; lastKnownFileType = sourcecode.swift; path = NetworkHelper.swift; sourceTree = "<group>"; };
		C13C356C217983F800472F49 /* ToDoModel.swift */ = {isa = PBXFileReference; lastKnownFileType = sourcecode.swift; path = ToDoModel.swift; sourceTree = "<group>"; };
		C13C358C2179AE7A00472F49 /* APIHelper.swift */ = {isa = PBXFileReference; lastKnownFileType = sourcecode.swift; path = APIHelper.swift; sourceTree = "<group>"; };
/* End PBXFileReference section */

/* Begin PBXFrameworksBuildPhase section */
		C13C355221797DB000472F49 /* Frameworks */ = {
			isa = PBXFrameworksBuildPhase;
			buildActionMask = 2147483647;
			files = (
			);
			runOnlyForDeploymentPostprocessing = 0;
		};
/* End PBXFrameworksBuildPhase section */

/* Begin PBXGroup section */
		C13C354C21797DB000472F49 = {
			isa = PBXGroup;
			children = (
				C13C35902179B2A400472F49 /* APIHelper */,
				C13C358F2179B0AA00472F49 /* NetworkHelper */,
				C13C358E2179B04300472F49 /* Model */,
				C13C355721797DB000472F49 /* NewtworkDemo */,
				C13C355621797DB000472F49 /* Products */,
			);
			sourceTree = "<group>";
		};
		C13C355621797DB000472F49 /* Products */ = {
			isa = PBXGroup;
			children = (
				C13C355521797DB000472F49 /* NewtworkDemo.app */,
			);
			name = Products;
			sourceTree = "<group>";
		};
		C13C355721797DB000472F49 /* NewtworkDemo */ = {
			isa = PBXGroup;
			children = (
				C13C355821797DB100472F49 /* AppDelegate.swift */,
				C13C355A21797DB100472F49 /* ViewController.swift */,
				C13C355C21797DB100472F49 /* Main.storyboard */,
				C13C355F21797DB400472F49 /* Assets.xcassets */,
				C13C356121797DB400472F49 /* LaunchScreen.storyboard */,
				C13C356421797DB400472F49 /* Info.plist */,
			);
			path = NewtworkDemo;
			sourceTree = "<group>";
		};
		C13C358E2179B04300472F49 /* Model */ = {
			isa = PBXGroup;
			children = (
				C13C356C217983F800472F49 /* ToDoModel.swift */,
			);
			path = Model;
			sourceTree = "<group>";
		};
		C13C358F2179B0AA00472F49 /* NetworkHelper */ = {
			isa = PBXGroup;
			children = (
				C13C356A21797DD200472F49 /* NetworkHelper.swift */,
			);
			path = NetworkHelper;
			sourceTree = "<group>";
		};
		C13C35902179B2A400472F49 /* APIHelper */ = {
			isa = PBXGroup;
			children = (
				C13C358C2179AE7A00472F49 /* APIHelper.swift */,
			);
			path = APIHelper;
			sourceTree = "<group>";
		};
/* End PBXGroup section */

/* Begin PBXNativeTarget section */
		C13C355421797DB000472F49 /* NewtworkDemo */ = {
			isa = PBXNativeTarget;
			buildConfigurationList = C13C356721797DB400472F49 /* Build configuration list for PBXNativeTarget "NewtworkDemo" */;
			buildPhases = (
				C13C355121797DB000472F49 /* Sources */,
				C13C355221797DB000472F49 /* Frameworks */,
				C13C355321797DB000472F49 /* Resources */,
			);
			buildRules = (
			);
			dependencies = (
			);
			name = NewtworkDemo;
			productName = NewtworkDemo;
			productReference = C13C355521797DB000472F49 /* NewtworkDemo.app */;
			productType = "com.apple.product-type.application";
		};
/* End PBXNativeTarget section */

/* Begin PBXProject section */
		C13C354D21797DB000472F49 /* Project object */ = {
			isa = PBXProject;
			attributes = {
				LastSwiftUpdateCheck = 1000;
				LastUpgradeCheck = 1000;
				ORGANIZATIONNAME = BJ;
				TargetAttributes = {
					C13C355421797DB000472F49 = {
						CreatedOnToolsVersion = 10.0;
					};
				};
			};
			buildConfigurationList = C13C355021797DB000472F49 /* Build configuration list for PBXProject "NewtworkDemo" */;
			compatibilityVersion = "Xcode 9.3";
			developmentRegion = en;
			hasScannedForEncodings = 0;
			knownRegions = (
				en,
				Base,
			);
			mainGroup = C13C354C21797DB000472F49;
			productRefGroup = C13C355621797DB000472F49 /* Products */;
			projectDirPath = "";
			projectRoot = "";
			targets = (
				C13C355421797DB000472F49 /* NewtworkDemo */,
			);
		};
/* End PBXProject section */

/* Begin PBXResourcesBuildPhase section */
		C13C355321797DB000472F49 /* Resources */ = {
			isa = PBXResourcesBuildPhase;
			buildActionMask = 2147483647;
			files = (
				C13C356321797DB400472F49 /* LaunchScreen.storyboard in Resources */,
				C13C356021797DB400472F49 /* Assets.xcassets in Resources */,
				C13C355E21797DB100472F49 /* Main.storyboard in Resources */,
			);
			runOnlyForDeploymentPostprocessing = 0;
		};
/* End PBXResourcesBuildPhase section */

/* Begin PBXSourcesBuildPhase section */
		C13C355121797DB000472F49 /* Sources */ = {
			isa = PBXSourcesBuildPhase;
			buildActionMask = 2147483647;
			files = (
				C13C355B21797DB100472F49 /* ViewController.swift in Sources */,
				C13C356D217983F800472F49 /* ToDoModel.swift in Sources */,
				C13C356B21797DD200472F49 /* NetworkHelper.swift in Sources */,
				C13C358D2179AE7A00472F49 /* APIHelper.swift in Sources */,
				C13C355921797DB100472F49 /* AppDelegate.swift in Sources */,
			);
			runOnlyForDeploymentPostprocessing = 0;
		};
/* End PBXSourcesBuildPhase section */

/* Begin PBXVariantGroup section */
		C13C355C21797DB100472F49 /* Main.storyboard */ = {
			isa = PBXVariantGroup;
			children = (
				C13C355D21797DB100472F49 /* Base */,
			);
			name = Main.storyboard;
			sourceTree = "<group>";
		};
		C13C356121797DB400472F49 /* LaunchScreen.storyboard */ = {
			isa = PBXVariantGroup;
			children = (
				C13C356221797DB400472F49 /* Base */,
			);
			name = LaunchScreen.storyboard;
			sourceTree = "<group>";
		};
/* End PBXVariantGroup section */

/* Begin XCBuildConfiguration section */
		C13C356521797DB400472F49 /* Debug */ = {
			isa = XCBuildConfiguration;
			buildSettings = {
				ALWAYS_SEARCH_USER_PATHS = NO;
				CLANG_ANALYZER_NONNULL = YES;
				CLANG_ANALYZER_NUMBER_OBJECT_CONVERSION = YES_AGGRESSIVE;
				CLANG_CXX_LANGUAGE_STANDARD = "gnu++14";
				CLANG_CXX_LIBRARY = "libc++";
				CLANG_ENABLE_MODULES = YES;
				CLANG_ENABLE_OBJC_ARC = YES;
				CLANG_ENABLE_OBJC_WEAK = YES;
				CLANG_WARN_BLOCK_CAPTURE_AUTORELEASING = YES;
				CLANG_WARN_BOOL_CONVERSION = YES;
				CLANG_WARN_COMMA = YES;
				CLANG_WARN_CONSTANT_CONVERSION = YES;
				CLANG_WARN_DEPRECATED_OBJC_IMPLEMENTATIONS = YES;
				CLANG_WARN_DIRECT_OBJC_ISA_USAGE = YES_ERROR;
				CLANG_WARN_DOCUMENTATION_COMMENTS = YES;
				CLANG_WARN_EMPTY_BODY = YES;
				CLANG_WARN_ENUM_CONVERSION = YES;
				CLANG_WARN_INFINITE_RECURSION = YES;
				CLANG_WARN_INT_CONVERSION = YES;
				CLANG_WARN_NON_LITERAL_NULL_CONVERSION = YES;
				CLANG_WARN_OBJC_IMPLICIT_RETAIN_SELF = YES;
				CLANG_WARN_OBJC_LITERAL_CONVERSION = YES;
				CLANG_WARN_OBJC_ROOT_CLASS = YES_ERROR;
				CLANG_WARN_RANGE_LOOP_ANALYSIS = YES;
				CLANG_WARN_STRICT_PROTOTYPES = YES;
				CLANG_WARN_SUSPICIOUS_MOVE = YES;
				CLANG_WARN_UNGUARDED_AVAILABILITY = YES_AGGRESSIVE;
				CLANG_WARN_UNREACHABLE_CODE = YES;
				CLANG_WARN__DUPLICATE_METHOD_MATCH = YES;
				CODE_SIGN_IDENTITY = "iPhone Developer";
				COPY_PHASE_STRIP = NO;
				DEBUG_INFORMATION_FORMAT = dwarf;
				ENABLE_STRICT_OBJC_MSGSEND = YES;
				ENABLE_TESTABILITY = YES;
				GCC_C_LANGUAGE_STANDARD = gnu11;
				GCC_DYNAMIC_NO_PIC = NO;
				GCC_NO_COMMON_BLOCKS = YES;
				GCC_OPTIMIZATION_LEVEL = 0;
				GCC_PREPROCESSOR_DEFINITIONS = (
					"DEBUG=1",
					"$(inherited)",
				);
				GCC_WARN_64_TO_32_BIT_CONVERSION = YES;
				GCC_WARN_ABOUT_RETURN_TYPE = YES_ERROR;
				GCC_WARN_UNDECLARED_SELECTOR = YES;
				GCC_WARN_UNINITIALIZED_AUTOS = YES_AGGRESSIVE;
				GCC_WARN_UNUSED_FUNCTION = YES;
				GCC_WARN_UNUSED_VARIABLE = YES;
				IPHONEOS_DEPLOYMENT_TARGET = 12.0;
				MTL_ENABLE_DEBUG_INFO = INCLUDE_SOURCE;
				MTL_FAST_MATH = YES;
				ONLY_ACTIVE_ARCH = YES;
				SDKROOT = iphoneos;
				SWIFT_ACTIVE_COMPILATION_CONDITIONS = DEBUG;
				SWIFT_OPTIMIZATION_LEVEL = "-Onone";
			};
			name = Debug;
		};
		C13C356621797DB400472F49 /* Release */ = {
			isa = XCBuildConfiguration;
			buildSettings = {
				ALWAYS_SEARCH_USER_PATHS = NO;
				CLANG_ANALYZER_NONNULL = YES;
				CLANG_ANALYZER_NUMBER_OBJECT_CONVERSION = YES_AGGRESSIVE;
				CLANG_CXX_LANGUAGE_STANDARD = "gnu++14";
				CLANG_CXX_LIBRARY = "libc++";
				CLANG_ENABLE_MODULES = YES;
				CLANG_ENABLE_OBJC_ARC = YES;
				CLANG_ENABLE_OBJC_WEAK = YES;
				CLANG_WARN_BLOCK_CAPTURE_AUTORELEASING = YES;
				CLANG_WARN_BOOL_CONVERSION = YES;
				CLANG_WARN_COMMA = YES;
				CLANG_WARN_CONSTANT_CONVERSION = YES;
				CLANG_WARN_DEPRECATED_OBJC_IMPLEMENTATIONS = YES;
				CLANG_WARN_DIRECT_OBJC_ISA_USAGE = YES_ERROR;
				CLANG_WARN_DOCUMENTATION_COMMENTS = YES;
				CLANG_WARN_EMPTY_BODY = YES;
				CLANG_WARN_ENUM_CONVERSION = YES;
				CLANG_WARN_INFINITE_RECURSION = YES;
				CLANG_WARN_INT_CONVERSION = YES;
				CLANG_WARN_NON_LITERAL_NULL_CONVERSION = YES;
				CLANG_WARN_OBJC_IMPLICIT_RETAIN_SELF = YES;
				CLANG_WARN_OBJC_LITERAL_CONVERSION = YES;
				CLANG_WARN_OBJC_ROOT_CLASS = YES_ERROR;
				CLANG_WARN_RANGE_LOOP_ANALYSIS = YES;
				CLANG_WARN_STRICT_PROTOTYPES = YES;
				CLANG_WARN_SUSPICIOUS_MOVE = YES;
				CLANG_WARN_UNGUARDED_AVAILABILITY = YES_AGGRESSIVE;
				CLANG_WARN_UNREACHABLE_CODE = YES;
				CLANG_WARN__DUPLICATE_METHOD_MATCH = YES;
				CODE_SIGN_IDENTITY = "iPhone Developer";
				COPY_PHASE_STRIP = NO;
				DEBUG_INFORMATION_FORMAT = "dwarf-with-dsym";
				ENABLE_NS_ASSERTIONS = NO;
				ENABLE_STRICT_OBJC_MSGSEND = YES;
				GCC_C_LANGUAGE_STANDARD = gnu11;
				GCC_NO_COMMON_BLOCKS = YES;
				GCC_WARN_64_TO_32_BIT_CONVERSION = YES;
				GCC_WARN_ABOUT_RETURN_TYPE = YES_ERROR;
				GCC_WARN_UNDECLARED_SELECTOR = YES;
				GCC_WARN_UNINITIALIZED_AUTOS = YES_AGGRESSIVE;
				GCC_WARN_UNUSED_FUNCTION = YES;
				GCC_WARN_UNUSED_VARIABLE = YES;
				IPHONEOS_DEPLOYMENT_TARGET = 12.0;
				MTL_ENABLE_DEBUG_INFO = NO;
				MTL_FAST_MATH = YES;
				SDKROOT = iphoneos;
				SWIFT_COMPILATION_MODE = wholemodule;
				SWIFT_OPTIMIZATION_LEVEL = "-O";
				VALIDATE_PRODUCT = YES;
			};
			name = Release;
		};
		C13C356821797DB400472F49 /* Debug */ = {
			isa = XCBuildConfiguration;
			buildSettings = {
				ASSETCATALOG_COMPILER_APPICON_NAME = AppIcon;
				CODE_SIGN_STYLE = Automatic;
				INFOPLIST_FILE = NewtworkDemo/Info.plist;
				LD_RUNPATH_SEARCH_PATHS = (
					"$(inherited)",
					"@executable_path/Frameworks",
				);
				PRODUCT_BUNDLE_IDENTIFIER = test.NewtworkDemo;
				PRODUCT_NAME = "$(TARGET_NAME)";
				SWIFT_VERSION = 4.2;
				TARGETED_DEVICE_FAMILY = "1,2";
			};
			name = Debug;
		};
		C13C356921797DB400472F49 /* Release */ = {
			isa = XCBuildConfiguration;
			buildSettings = {
				ASSETCATALOG_COMPILER_APPICON_NAME = AppIcon;
				CODE_SIGN_STYLE = Automatic;
				INFOPLIST_FILE = NewtworkDemo/Info.plist;
				LD_RUNPATH_SEARCH_PATHS = (
					"$(inherited)",
					"@executable_path/Frameworks",
				);
				PRODUCT_BUNDLE_IDENTIFIER = test.NewtworkDemo;
				PRODUCT_NAME = "$(TARGET_NAME)";
				SWIFT_VERSION = 4.2;
				TARGETED_DEVICE_FAMILY = "1,2";
			};
			name = Release;
		};
/* End XCBuildConfiguration section */

/* Begin XCConfigurationList section */
		C13C355021797DB000472F49 /* Build configuration list for PBXProject "NewtworkDemo" */ = {
			isa = XCConfigurationList;
			buildConfigurations = (
				C13C356521797DB400472F49 /* Debug */,
				C13C356621797DB400472F49 /* Release */,
			);
			defaultConfigurationIsVisible = 0;
			defaultConfigurationName = Release;
		};
		C13C356721797DB400472F49 /* Build configuration list for PBXNativeTarget "NewtworkDemo" */ = {
			isa = XCConfigurationList;
			buildConfigurations = (
				C13C356821797DB400472F49 /* Debug */,
				C13C356921797DB400472F49 /* Release */,
			);
			defaultConfigurationIsVisible = 0;
			defaultConfigurationName = Release;
		};
/* End XCConfigurationList section */
	};
	rootObject = C13C354D21797DB000472F49 /* Project object */;
}
